// !$*UTF8*$!
{
	archiveVersion = 1;
	classes = {
	};
	objectVersion = 50;
	objects = {

/* Begin PBXBuildFile section */
		E7D9BC3A2393071000DD7B12 /* AppDelegate.swift in Sources */ = {isa = PBXBuildFile; fileRef = E7D9BC392393071000DD7B12 /* AppDelegate.swift */; };
		E7D9BC3C2393071000DD7B12 /* SceneDelegate.swift in Sources */ = {isa = PBXBuildFile; fileRef = E7D9BC3B2393071000DD7B12 /* SceneDelegate.swift */; };
		E7D9BC3E2393071000DD7B12 /* ContentView.swift in Sources */ = {isa = PBXBuildFile; fileRef = E7D9BC3D2393071000DD7B12 /* ContentView.swift */; };
		E7D9BC402393071000DD7B12 /* Assets.xcassets in Resources */ = {isa = PBXBuildFile; fileRef = E7D9BC3F2393071000DD7B12 /* Assets.xcassets */; };
		E7D9BC432393071000DD7B12 /* Preview Assets.xcassets in Resources */ = {isa = PBXBuildFile; fileRef = E7D9BC422393071000DD7B12 /* Preview Assets.xcassets */; };
		E7D9BC462393071000DD7B12 /* LaunchScreen.storyboard in Resources */ = {isa = PBXBuildFile; fileRef = E7D9BC442393071000DD7B12 /* LaunchScreen.storyboard */; };
		E7D9BC512393071100DD7B12 /* RiskGameOddsTests.swift in Sources */ = {isa = PBXBuildFile; fileRef = E7D9BC502393071100DD7B12 /* RiskGameOddsTests.swift */; };
		E7D9BC5C2393071100DD7B12 /* RiskGameOddsUITests.swift in Sources */ = {isa = PBXBuildFile; fileRef = E7D9BC5B2393071100DD7B12 /* RiskGameOddsUITests.swift */; };
/* End PBXBuildFile section */

/* Begin PBXContainerItemProxy section */
		E7D9BC4D2393071100DD7B12 /* PBXContainerItemProxy */ = {
			isa = PBXContainerItemProxy;
			containerPortal = E7D9BC2E2393070F00DD7B12 /* Project object */;
			proxyType = 1;
			remoteGlobalIDString = E7D9BC352393070F00DD7B12;
			remoteInfo = RiskGameOdds;
		};
		E7D9BC582393071100DD7B12 /* PBXContainerItemProxy */ = {
			isa = PBXContainerItemProxy;
			containerPortal = E7D9BC2E2393070F00DD7B12 /* Project object */;
			proxyType = 1;
			remoteGlobalIDString = E7D9BC352393070F00DD7B12;
			remoteInfo = RiskGameOdds;
		};
/* End PBXContainerItemProxy section */

/* Begin PBXFileReference section */
		E7D9BC362393071000DD7B12 /* RiskGameOdds.app */ = {isa = PBXFileReference; explicitFileType = wrapper.application; includeInIndex = 0; path = RiskGameOdds.app; sourceTree = BUILT_PRODUCTS_DIR; };
		E7D9BC392393071000DD7B12 /* AppDelegate.swift */ = {isa = PBXFileReference; lastKnownFileType = sourcecode.swift; path = AppDelegate.swift; sourceTree = "<group>"; };
		E7D9BC3B2393071000DD7B12 /* SceneDelegate.swift */ = {isa = PBXFileReference; lastKnownFileType = sourcecode.swift; path = SceneDelegate.swift; sourceTree = "<group>"; };
		E7D9BC3D2393071000DD7B12 /* ContentView.swift */ = {isa = PBXFileReference; lastKnownFileType = sourcecode.swift; path = ContentView.swift; sourceTree = "<group>"; };
		E7D9BC3F2393071000DD7B12 /* Assets.xcassets */ = {isa = PBXFileReference; lastKnownFileType = folder.assetcatalog; path = Assets.xcassets; sourceTree = "<group>"; };
		E7D9BC422393071000DD7B12 /* Preview Assets.xcassets */ = {isa = PBXFileReference; lastKnownFileType = folder.assetcatalog; path = "Preview Assets.xcassets"; sourceTree = "<group>"; };
		E7D9BC452393071000DD7B12 /* Base */ = {isa = PBXFileReference; lastKnownFileType = file.storyboard; name = Base; path = Base.lproj/LaunchScreen.storyboard; sourceTree = "<group>"; };
		E7D9BC472393071000DD7B12 /* Info.plist */ = {isa = PBXFileReference; lastKnownFileType = text.plist.xml; path = Info.plist; sourceTree = "<group>"; };
		E7D9BC4C2393071100DD7B12 /* RiskGameOddsTests.xctest */ = {isa = PBXFileReference; explicitFileType = wrapper.cfbundle; includeInIndex = 0; path = RiskGameOddsTests.xctest; sourceTree = BUILT_PRODUCTS_DIR; };
		E7D9BC502393071100DD7B12 /* RiskGameOddsTests.swift */ = {isa = PBXFileReference; lastKnownFileType = sourcecode.swift; path = RiskGameOddsTests.swift; sourceTree = "<group>"; };
		E7D9BC522393071100DD7B12 /* Info.plist */ = {isa = PBXFileReference; lastKnownFileType = text.plist.xml; path = Info.plist; sourceTree = "<group>"; };
		E7D9BC572393071100DD7B12 /* RiskGameOddsUITests.xctest */ = {isa = PBXFileReference; explicitFileType = wrapper.cfbundle; includeInIndex = 0; path = RiskGameOddsUITests.xctest; sourceTree = BUILT_PRODUCTS_DIR; };
		E7D9BC5B2393071100DD7B12 /* RiskGameOddsUITests.swift */ = {isa = PBXFileReference; lastKnownFileType = sourcecode.swift; path = RiskGameOddsUITests.swift; sourceTree = "<group>"; };
		E7D9BC5D2393071100DD7B12 /* Info.plist */ = {isa = PBXFileReference; lastKnownFileType = text.plist.xml; path = Info.plist; sourceTree = "<group>"; };
/* End PBXFileReference section */

/* Begin PBXFrameworksBuildPhase section */
		E7D9BC332393070F00DD7B12 /* Frameworks */ = {
			isa = PBXFrameworksBuildPhase;
			buildActionMask = 2147483647;
			files = (
			);
			runOnlyForDeploymentPostprocessing = 0;
		};
		E7D9BC492393071100DD7B12 /* Frameworks */ = {
			isa = PBXFrameworksBuildPhase;
			buildActionMask = 2147483647;
			files = (
			);
			runOnlyForDeploymentPostprocessing = 0;
		};
		E7D9BC542393071100DD7B12 /* Frameworks */ = {
			isa = PBXFrameworksBuildPhase;
			buildActionMask = 2147483647;
			files = (
			);
			runOnlyForDeploymentPostprocessing = 0;
		};
/* End PBXFrameworksBuildPhase section */

/* Begin PBXGroup section */
		E7D9BC2D2393070F00DD7B12 = {
			isa = PBXGroup;
			children = (
				E7D9BC382393071000DD7B12 /* RiskGameOdds */,
				E7D9BC4F2393071100DD7B12 /* RiskGameOddsTests */,
				E7D9BC5A2393071100DD7B12 /* RiskGameOddsUITests */,
				E7D9BC372393071000DD7B12 /* Products */,
			);
			sourceTree = "<group>";
		};
		E7D9BC372393071000DD7B12 /* Products */ = {
			isa = PBXGroup;
			children = (
				E7D9BC362393071000DD7B12 /* RiskGameOdds.app */,
				E7D9BC4C2393071100DD7B12 /* RiskGameOddsTests.xctest */,
				E7D9BC572393071100DD7B12 /* RiskGameOddsUITests.xctest */,
			);
			name = Products;
			sourceTree = "<group>";
		};
		E7D9BC382393071000DD7B12 /* RiskGameOdds */ = {
			isa = PBXGroup;
			children = (
				E7D9BC392393071000DD7B12 /* AppDelegate.swift */,
				E7D9BC3B2393071000DD7B12 /* SceneDelegate.swift */,
				E7D9BC3D2393071000DD7B12 /* ContentView.swift */,
				E7D9BC3F2393071000DD7B12 /* Assets.xcassets */,
				E7D9BC442393071000DD7B12 /* LaunchScreen.storyboard */,
				E7D9BC472393071000DD7B12 /* Info.plist */,
				E7D9BC412393071000DD7B12 /* Preview Content */,
			);
			path = RiskGameOdds;
			sourceTree = "<group>";
		};
		E7D9BC412393071000DD7B12 /* Preview Content */ = {
			isa = PBXGroup;
			children = (
				E7D9BC422393071000DD7B12 /* Preview Assets.xcassets */,
			);
			path = "Preview Content";
			sourceTree = "<group>";
		};
		E7D9BC4F2393071100DD7B12 /* RiskGameOddsTests */ = {
			isa = PBXGroup;
			children = (
				E7D9BC502393071100DD7B12 /* RiskGameOddsTests.swift */,
				E7D9BC522393071100DD7B12 /* Info.plist */,
			);
			path = RiskGameOddsTests;
			sourceTree = "<group>";
		};
		E7D9BC5A2393071100DD7B12 /* RiskGameOddsUITests */ = {
			isa = PBXGroup;
			children = (
				E7D9BC5B2393071100DD7B12 /* RiskGameOddsUITests.swift */,
				E7D9BC5D2393071100DD7B12 /* Info.plist */,
			);
			path = RiskGameOddsUITests;
			sourceTree = "<group>";
		};
/* End PBXGroup section */

/* Begin PBXNativeTarget section */
		E7D9BC352393070F00DD7B12 /* RiskGameOdds */ = {
			isa = PBXNativeTarget;
			buildConfigurationList = E7D9BC602393071100DD7B12 /* Build configuration list for PBXNativeTarget "RiskGameOdds" */;
			buildPhases = (
				E7D9BC322393070F00DD7B12 /* Sources */,
				E7D9BC332393070F00DD7B12 /* Frameworks */,
				E7D9BC342393070F00DD7B12 /* Resources */,
			);
			buildRules = (
			);
			dependencies = (
			);
			name = RiskGameOdds;
			productName = RiskGameOdds;
			productReference = E7D9BC362393071000DD7B12 /* RiskGameOdds.app */;
			productType = "com.apple.product-type.application";
		};
		E7D9BC4B2393071100DD7B12 /* RiskGameOddsTests */ = {
			isa = PBXNativeTarget;
			buildConfigurationList = E7D9BC632393071100DD7B12 /* Build configuration list for PBXNativeTarget "RiskGameOddsTests" */;
			buildPhases = (
				E7D9BC482393071100DD7B12 /* Sources */,
				E7D9BC492393071100DD7B12 /* Frameworks */,
				E7D9BC4A2393071100DD7B12 /* Resources */,
			);
			buildRules = (
			);
			dependencies = (
				E7D9BC4E2393071100DD7B12 /* PBXTargetDependency */,
			);
			name = RiskGameOddsTests;
			productName = RiskGameOddsTests;
			productReference = E7D9BC4C2393071100DD7B12 /* RiskGameOddsTests.xctest */;
			productType = "com.apple.product-type.bundle.unit-test";
		};
		E7D9BC562393071100DD7B12 /* RiskGameOddsUITests */ = {
			isa = PBXNativeTarget;
			buildConfigurationList = E7D9BC662393071100DD7B12 /* Build configuration list for PBXNativeTarget "RiskGameOddsUITests" */;
			buildPhases = (
				E7D9BC532393071100DD7B12 /* Sources */,
				E7D9BC542393071100DD7B12 /* Frameworks */,
				E7D9BC552393071100DD7B12 /* Resources */,
			);
			buildRules = (
			);
			dependencies = (
				E7D9BC592393071100DD7B12 /* PBXTargetDependency */,
			);
			name = RiskGameOddsUITests;
			productName = RiskGameOddsUITests;
			productReference = E7D9BC572393071100DD7B12 /* RiskGameOddsUITests.xctest */;
			productType = "com.apple.product-type.bundle.ui-testing";
		};
/* End PBXNativeTarget section */

/* Begin PBXProject section */
		E7D9BC2E2393070F00DD7B12 /* Project object */ = {
			isa = PBXProject;
			attributes = {
				LastSwiftUpdateCheck = 1120;
				LastUpgradeCheck = 1120;
				ORGANIZATIONNAME = "Tovah Falck";
				TargetAttributes = {
					E7D9BC352393070F00DD7B12 = {
						CreatedOnToolsVersion = 11.2.1;
					};
					E7D9BC4B2393071100DD7B12 = {
						CreatedOnToolsVersion = 11.2.1;
						TestTargetID = E7D9BC352393070F00DD7B12;
					};
					E7D9BC562393071100DD7B12 = {
						CreatedOnToolsVersion = 11.2.1;
						TestTargetID = E7D9BC352393070F00DD7B12;
					};
				};
			};
			buildConfigurationList = E7D9BC312393070F00DD7B12 /* Build configuration list for PBXProject "RiskGameOdds" */;
			compatibilityVersion = "Xcode 9.3";
			developmentRegion = en;
			hasScannedForEncodings = 0;
			knownRegions = (
				en,
				Base,
			);
			mainGroup = E7D9BC2D2393070F00DD7B12;
			productRefGroup = E7D9BC372393071000DD7B12 /* Products */;
			projectDirPath = "";
			projectRoot = "";
			targets = (
				E7D9BC352393070F00DD7B12 /* RiskGameOdds */,
				E7D9BC4B2393071100DD7B12 /* RiskGameOddsTests */,
				E7D9BC562393071100DD7B12 /* RiskGameOddsUITests */,
			);
		};
/* End PBXProject section */

/* Begin PBXResourcesBuildPhase section */
		E7D9BC342393070F00DD7B12 /* Resources */ = {
			isa = PBXResourcesBuildPhase;
			buildActionMask = 2147483647;
			files = (
				E7D9BC462393071000DD7B12 /* LaunchScreen.storyboard in Resources */,
				E7D9BC432393071000DD7B12 /* Preview Assets.xcassets in Resources */,
				E7D9BC402393071000DD7B12 /* Assets.xcassets in Resources */,
			);
			runOnlyForDeploymentPostprocessing = 0;
		};
		E7D9BC4A2393071100DD7B12 /* Resources */ = {
			isa = PBXResourcesBuildPhase;
			buildActionMask = 2147483647;
			files = (
			);
			runOnlyForDeploymentPostprocessing = 0;
		};
		E7D9BC552393071100DD7B12 /* Resources */ = {
			isa = PBXResourcesBuildPhase;
			buildActionMask = 2147483647;
			files = (
			);
			runOnlyForDeploymentPostprocessing = 0;
		};
/* End PBXResourcesBuildPhase section */

/* Begin PBXSourcesBuildPhase section */
		E7D9BC322393070F00DD7B12 /* Sources */ = {
			isa = PBXSourcesBuildPhase;
			buildActionMask = 2147483647;
			files = (
				E7D9BC3A2393071000DD7B12 /* AppDelegate.swift in Sources */,
				E7D9BC3C2393071000DD7B12 /* SceneDelegate.swift in Sources */,
				E7D9BC3E2393071000DD7B12 /* ContentView.swift in Sources */,
			);
			runOnlyForDeploymentPostprocessing = 0;
		};
		E7D9BC482393071100DD7B12 /* Sources */ = {
			isa = PBXSourcesBuildPhase;
			buildActionMask = 2147483647;
			files = (
				E7D9BC512393071100DD7B12 /* RiskGameOddsTests.swift in Sources */,
			);
			runOnlyForDeploymentPostprocessing = 0;
		};
		E7D9BC532393071100DD7B12 /* Sources */ = {
			isa = PBXSourcesBuildPhase;
			buildActionMask = 2147483647;
			files = (
				E7D9BC5C2393071100DD7B12 /* RiskGameOddsUITests.swift in Sources */,
			);
			runOnlyForDeploymentPostprocessing = 0;
		};
/* End PBXSourcesBuildPhase section */

/* Begin PBXTargetDependency section */
		E7D9BC4E2393071100DD7B12 /* PBXTargetDependency */ = {
			isa = PBXTargetDependency;
			target = E7D9BC352393070F00DD7B12 /* RiskGameOdds */;
			targetProxy = E7D9BC4D2393071100DD7B12 /* PBXContainerItemProxy */;
		};
		E7D9BC592393071100DD7B12 /* PBXTargetDependency */ = {
			isa = PBXTargetDependency;
			target = E7D9BC352393070F00DD7B12 /* RiskGameOdds */;
			targetProxy = E7D9BC582393071100DD7B12 /* PBXContainerItemProxy */;
		};
/* End PBXTargetDependency section */

/* Begin PBXVariantGroup section */
		E7D9BC442393071000DD7B12 /* LaunchScreen.storyboard */ = {
			isa = PBXVariantGroup;
			children = (
				E7D9BC452393071000DD7B12 /* Base */,
			);
			name = LaunchScreen.storyboard;
			sourceTree = "<group>";
		};
/* End PBXVariantGroup section */

/* Begin XCBuildConfiguration section */
		E7D9BC5E2393071100DD7B12 /* Debug */ = {
			isa = XCBuildConfiguration;
			buildSettings = {
				ALWAYS_SEARCH_USER_PATHS = NO;
				CLANG_ANALYZER_NONNULL = YES;
				CLANG_ANALYZER_NUMBER_OBJECT_CONVERSION = YES_AGGRESSIVE;
				CLANG_CXX_LANGUAGE_STANDARD = "gnu++14";
				CLANG_CXX_LIBRARY = "libc++";
				CLANG_ENABLE_MODULES = YES;
				CLANG_ENABLE_OBJC_ARC = YES;
				CLANG_ENABLE_OBJC_WEAK = YES;
				CLANG_WARN_BLOCK_CAPTURE_AUTORELEASING = YES;
				CLANG_WARN_BOOL_CONVERSION = YES;
				CLANG_WARN_COMMA = YES;
				CLANG_WARN_CONSTANT_CONVERSION = YES;
				CLANG_WARN_DEPRECATED_OBJC_IMPLEMENTATIONS = YES;
				CLANG_WARN_DIRECT_OBJC_ISA_USAGE = YES_ERROR;
				CLANG_WARN_DOCUMENTATION_COMMENTS = YES;
				CLANG_WARN_EMPTY_BODY = YES;
				CLANG_WARN_ENUM_CONVERSION = YES;
				CLANG_WARN_INFINITE_RECURSION = YES;
				CLANG_WARN_INT_CONVERSION = YES;
				CLANG_WARN_NON_LITERAL_NULL_CONVERSION = YES;
				CLANG_WARN_OBJC_IMPLICIT_RETAIN_SELF = YES;
				CLANG_WARN_OBJC_LITERAL_CONVERSION = YES;
				CLANG_WARN_OBJC_ROOT_CLASS = YES_ERROR;
				CLANG_WARN_RANGE_LOOP_ANALYSIS = YES;
				CLANG_WARN_STRICT_PROTOTYPES = YES;
				CLANG_WARN_SUSPICIOUS_MOVE = YES;
				CLANG_WARN_UNGUARDED_AVAILABILITY = YES_AGGRESSIVE;
				CLANG_WARN_UNREACHABLE_CODE = YES;
				CLANG_WARN__DUPLICATE_METHOD_MATCH = YES;
				COPY_PHASE_STRIP = NO;
				DEBUG_INFORMATION_FORMAT = dwarf;
				ENABLE_STRICT_OBJC_MSGSEND = YES;
				ENABLE_TESTABILITY = YES;
				GCC_C_LANGUAGE_STANDARD = gnu11;
				GCC_DYNAMIC_NO_PIC = NO;
				GCC_NO_COMMON_BLOCKS = YES;
				GCC_OPTIMIZATION_LEVEL = 0;
				GCC_PREPROCESSOR_DEFINITIONS = (
					"DEBUG=1",
					"$(inherited)",
				);
				GCC_WARN_64_TO_32_BIT_CONVERSION = YES;
				GCC_WARN_ABOUT_RETURN_TYPE = YES_ERROR;
				GCC_WARN_UNDECLARED_SELECTOR = YES;
				GCC_WARN_UNINITIALIZED_AUTOS = YES_AGGRESSIVE;
				GCC_WARN_UNUSED_FUNCTION = YES;
				GCC_WARN_UNUSED_VARIABLE = YES;
				IPHONEOS_DEPLOYMENT_TARGET = 13.2;
				MTL_ENABLE_DEBUG_INFO = INCLUDE_SOURCE;
				MTL_FAST_MATH = YES;
				ONLY_ACTIVE_ARCH = YES;
				SDKROOT = iphoneos;
				SWIFT_ACTIVE_COMPILATION_CONDITIONS = DEBUG;
				SWIFT_OPTIMIZATION_LEVEL = "-Onone";
			};
			name = Debug;
		};
		E7D9BC5F2393071100DD7B12 /* Release */ = {
			isa = XCBuildConfiguration;
			buildSettings = {
				ALWAYS_SEARCH_USER_PATHS = NO;
				CLANG_ANALYZER_NONNULL = YES;
				CLANG_ANALYZER_NUMBER_OBJECT_CONVERSION = YES_AGGRESSIVE;
				CLANG_CXX_LANGUAGE_STANDARD = "gnu++14";
				CLANG_CXX_LIBRARY = "libc++";
				CLANG_ENABLE_MODULES = YES;
				CLANG_ENABLE_OBJC_ARC = YES;
				CLANG_ENABLE_OBJC_WEAK = YES;
				CLANG_WARN_BLOCK_CAPTURE_AUTORELEASING = YES;
				CLANG_WARN_BOOL_CONVERSION = YES;
				CLANG_WARN_COMMA = YES;
				CLANG_WARN_CONSTANT_CONVERSION = YES;
				CLANG_WARN_DEPRECATED_OBJC_IMPLEMENTATIONS = YES;
				CLANG_WARN_DIRECT_OBJC_ISA_USAGE = YES_ERROR;
				CLANG_WARN_DOCUMENTATION_COMMENTS = YES;
				CLANG_WARN_EMPTY_BODY = YES;
				CLANG_WARN_ENUM_CONVERSION = YES;
				CLANG_WARN_INFINITE_RECURSION = YES;
				CLANG_WARN_INT_CONVERSION = YES;
				CLANG_WARN_NON_LITERAL_NULL_CONVERSION = YES;
				CLANG_WARN_OBJC_IMPLICIT_RETAIN_SELF = YES;
				CLANG_WARN_OBJC_LITERAL_CONVERSION = YES;
				CLANG_WARN_OBJC_ROOT_CLASS = YES_ERROR;
				CLANG_WARN_RANGE_LOOP_ANALYSIS = YES;
				CLANG_WARN_STRICT_PROTOTYPES = YES;
				CLANG_WARN_SUSPICIOUS_MOVE = YES;
				CLANG_WARN_UNGUARDED_AVAILABILITY = YES_AGGRESSIVE;
				CLANG_WARN_UNREACHABLE_CODE = YES;
				CLANG_WARN__DUPLICATE_METHOD_MATCH = YES;
				COPY_PHASE_STRIP = NO;
				DEBUG_INFORMATION_FORMAT = "dwarf-with-dsym";
				ENABLE_NS_ASSERTIONS = NO;
				ENABLE_STRICT_OBJC_MSGSEND = YES;
				GCC_C_LANGUAGE_STANDARD = gnu11;
				GCC_NO_COMMON_BLOCKS = YES;
				GCC_WARN_64_TO_32_BIT_CONVERSION = YES;
				GCC_WARN_ABOUT_RETURN_TYPE = YES_ERROR;
				GCC_WARN_UNDECLARED_SELECTOR = YES;
				GCC_WARN_UNINITIALIZED_AUTOS = YES_AGGRESSIVE;
				GCC_WARN_UNUSED_FUNCTION = YES;
				GCC_WARN_UNUSED_VARIABLE = YES;
				IPHONEOS_DEPLOYMENT_TARGET = 13.2;
				MTL_ENABLE_DEBUG_INFO = NO;
				MTL_FAST_MATH = YES;
				SDKROOT = iphoneos;
				SWIFT_COMPILATION_MODE = wholemodule;
				SWIFT_OPTIMIZATION_LEVEL = "-O";
				VALIDATE_PRODUCT = YES;
			};
			name = Release;
		};
		E7D9BC612393071100DD7B12 /* Debug */ = {
			isa = XCBuildConfiguration;
			buildSettings = {
				ASSETCATALOG_COMPILER_APPICON_NAME = AppIcon;
				CODE_SIGN_STYLE = Automatic;
				DEVELOPMENT_ASSET_PATHS = "\"RiskGameOdds/Preview Content\"";
				ENABLE_PREVIEWS = YES;
				INFOPLIST_FILE = RiskGameOdds/Info.plist;
				LD_RUNPATH_SEARCH_PATHS = (
					"$(inherited)",
					"@executable_path/Frameworks",
				);
				PRODUCT_BUNDLE_IDENTIFIER = com.offbeetideas.RiskGameOdds;
				PRODUCT_NAME = "$(TARGET_NAME)";
				SWIFT_VERSION = 5.0;
				TARGETED_DEVICE_FAMILY = "1,2";
			};
			name = Debug;
		};
		E7D9BC622393071100DD7B12 /* Release */ = {
			isa = XCBuildConfiguration;
			buildSettings = {
				ASSETCATALOG_COMPILER_APPICON_NAME = AppIcon;
				CODE_SIGN_STYLE = Automatic;
				DEVELOPMENT_ASSET_PATHS = "\"RiskGameOdds/Preview Content\"";
				ENABLE_PREVIEWS = YES;
				INFOPLIST_FILE = RiskGameOdds/Info.plist;
				LD_RUNPATH_SEARCH_PATHS = (
					"$(inherited)",
					"@executable_path/Frameworks",
				);
				PRODUCT_BUNDLE_IDENTIFIER = com.offbeetideas.RiskGameOdds;
				PRODUCT_NAME = "$(TARGET_NAME)";
				SWIFT_VERSION = 5.0;
				TARGETED_DEVICE_FAMILY = "1,2";
			};
			name = Release;
		};
		E7D9BC642393071100DD7B12 /* Debug */ = {
			isa = XCBuildConfiguration;
			buildSettings = {
				ALWAYS_EMBED_SWIFT_STANDARD_LIBRARIES = YES;
				BUNDLE_LOADER = "$(TEST_HOST)";
				CODE_SIGN_STYLE = Automatic;
				INFOPLIST_FILE = RiskGameOddsTests/Info.plist;
				IPHONEOS_DEPLOYMENT_TARGET = 13.2;
				LD_RUNPATH_SEARCH_PATHS = (
					"$(inherited)",
					"@executable_path/Frameworks",
					"@loader_path/Frameworks",
				);
				PRODUCT_BUNDLE_IDENTIFIER = com.offbeetideas.RiskGameOddsTests;
				PRODUCT_NAME = "$(TARGET_NAME)";
				SWIFT_VERSION = 5.0;
				TARGETED_DEVICE_FAMILY = "1,2";
				TEST_HOST = "$(BUILT_PRODUCTS_DIR)/RiskGameOdds.app/RiskGameOdds";
			};
			name = Debug;
		};
		E7D9BC652393071100DD7B12 /* Release */ = {
			isa = XCBuildConfiguration;
			buildSettings = {
				ALWAYS_EMBED_SWIFT_STANDARD_LIBRARIES = YES;
				BUNDLE_LOADER = "$(TEST_HOST)";
				CODE_SIGN_STYLE = Automatic;
				INFOPLIST_FILE = RiskGameOddsTests/Info.plist;
				IPHONEOS_DEPLOYMENT_TARGET = 13.2;
				LD_RUNPATH_SEARCH_PATHS = (
					"$(inherited)",
					"@executable_path/Frameworks",
					"@loader_path/Frameworks",
				);
				PRODUCT_BUNDLE_IDENTIFIER = com.offbeetideas.RiskGameOddsTests;
				PRODUCT_NAME = "$(TARGET_NAME)";
				SWIFT_VERSION = 5.0;
				TARGETED_DEVICE_FAMILY = "1,2";
				TEST_HOST = "$(BUILT_PRODUCTS_DIR)/RiskGameOdds.app/RiskGameOdds";
			};
			name = Release;
		};
		E7D9BC672393071100DD7B12 /* Debug */ = {
			isa = XCBuildConfiguration;
			buildSettings = {
				ALWAYS_EMBED_SWIFT_STANDARD_LIBRARIES = YES;
				CODE_SIGN_STYLE = Automatic;
				INFOPLIST_FILE = RiskGameOddsUITests/Info.plist;
				LD_RUNPATH_SEARCH_PATHS = (
					"$(inherited)",
					"@executable_path/Frameworks",
					"@loader_path/Frameworks",
				);
				PRODUCT_BUNDLE_IDENTIFIER = com.offbeetideas.RiskGameOddsUITests;
				PRODUCT_NAME = "$(TARGET_NAME)";
				SWIFT_VERSION = 5.0;
				TARGETED_DEVICE_FAMILY = "1,2";
				TEST_TARGET_NAME = RiskGameOdds;
			};
			name = Debug;
		};
		E7D9BC682393071100DD7B12 /* Release */ = {
			isa = XCBuildConfiguration;
			buildSettings = {
				ALWAYS_EMBED_SWIFT_STANDARD_LIBRARIES = YES;
				CODE_SIGN_STYLE = Automatic;
				INFOPLIST_FILE = RiskGameOddsUITests/Info.plist;
				LD_RUNPATH_SEARCH_PATHS = (
					"$(inherited)",
					"@executable_path/Frameworks",
					"@loader_path/Frameworks",
				);
				PRODUCT_BUNDLE_IDENTIFIER = com.offbeetideas.RiskGameOddsUITests;
				PRODUCT_NAME = "$(TARGET_NAME)";
				SWIFT_VERSION = 5.0;
				TARGETED_DEVICE_FAMILY = "1,2";
				TEST_TARGET_NAME = RiskGameOdds;
			};
			name = Release;
		};
/* End XCBuildConfiguration section */

/* Begin XCConfigurationList section */
		E7D9BC312393070F00DD7B12 /* Build configuration list for PBXProject "RiskGameOdds" */ = {
			isa = XCConfigurationList;
			buildConfigurations = (
				E7D9BC5E2393071100DD7B12 /* Debug */,
				E7D9BC5F2393071100DD7B12 /* Release */,
			);
			defaultConfigurationIsVisible = 0;
			defaultConfigurationName = Release;
		};
		E7D9BC602393071100DD7B12 /* Build configuration list for PBXNativeTarget "RiskGameOdds" */ = {
			isa = XCConfigurationList;
			buildConfigurations = (
				E7D9BC612393071100DD7B12 /* Debug */,
				E7D9BC622393071100DD7B12 /* Release */,
			);
			defaultConfigurationIsVisible = 0;
			defaultConfigurationName = Release;
		};
		E7D9BC632393071100DD7B12 /* Build configuration list for PBXNativeTarget "RiskGameOddsTests" */ = {
			isa = XCConfigurationList;
			buildConfigurations = (
				E7D9BC642393071100DD7B12 /* Debug */,
				E7D9BC652393071100DD7B12 /* Release */,
			);
			defaultConfigurationIsVisible = 0;
			defaultConfigurationName = Release;
		};
		E7D9BC662393071100DD7B12 /* Build configuration list for PBXNativeTarget "RiskGameOddsUITests" */ = {
			isa = XCConfigurationList;
			buildConfigurations = (
				E7D9BC672393071100DD7B12 /* Debug */,
				E7D9BC682393071100DD7B12 /* Release */,
			);
			defaultConfigurationIsVisible = 0;
			defaultConfigurationName = Release;
		};
/* End XCConfigurationList section */
	};
	rootObject = E7D9BC2E2393070F00DD7B12 /* Project object */;
}
