// !$*UTF8*$!
{
	archiveVersion = 1;
	classes = {
	};
	objectVersion = 50;
	objects = {

/* Begin PBXBuildFile section */
		E746391323D7ACE700AC0810 /* AppDelegate.swift in Sources */ = {isa = PBXBuildFile; fileRef = E746391223D7ACE700AC0810 /* AppDelegate.swift */; };
		E746391523D7ACE700AC0810 /* SceneDelegate.swift in Sources */ = {isa = PBXBuildFile; fileRef = E746391423D7ACE700AC0810 /* SceneDelegate.swift */; };
		E746391723D7ACE700AC0810 /* ViewController.swift in Sources */ = {isa = PBXBuildFile; fileRef = E746391623D7ACE700AC0810 /* ViewController.swift */; };
		E746391A23D7ACE700AC0810 /* Main.storyboard in Resources */ = {isa = PBXBuildFile; fileRef = E746391823D7ACE700AC0810 /* Main.storyboard */; };
		E746391C23D7ACE800AC0810 /* Assets.xcassets in Resources */ = {isa = PBXBuildFile; fileRef = E746391B23D7ACE800AC0810 /* Assets.xcassets */; };
		E746391F23D7ACE800AC0810 /* LaunchScreen.storyboard in Resources */ = {isa = PBXBuildFile; fileRef = E746391D23D7ACE800AC0810 /* LaunchScreen.storyboard */; };
		E746392A23D7ACE800AC0810 /* RiskGameOddsTests.swift in Sources */ = {isa = PBXBuildFile; fileRef = E746392923D7ACE800AC0810 /* RiskGameOddsTests.swift */; };
		E746393523D7ACE800AC0810 /* RiskGameOddsUITests.swift in Sources */ = {isa = PBXBuildFile; fileRef = E746393423D7ACE800AC0810 /* RiskGameOddsUITests.swift */; };
		E746394323D7AE6F00AC0810 /* Node.swift in Sources */ = {isa = PBXBuildFile; fileRef = E746394223D7AE6F00AC0810 /* Node.swift */; };
/* End PBXBuildFile section */

/* Begin PBXContainerItemProxy section */
		E746392623D7ACE800AC0810 /* PBXContainerItemProxy */ = {
			isa = PBXContainerItemProxy;
			containerPortal = E746390723D7ACE700AC0810 /* Project object */;
			proxyType = 1;
			remoteGlobalIDString = E746390E23D7ACE700AC0810;
			remoteInfo = RiskGameOdds;
		};
		E746393123D7ACE800AC0810 /* PBXContainerItemProxy */ = {
			isa = PBXContainerItemProxy;
			containerPortal = E746390723D7ACE700AC0810 /* Project object */;
			proxyType = 1;
			remoteGlobalIDString = E746390E23D7ACE700AC0810;
			remoteInfo = RiskGameOdds;
		};
/* End PBXContainerItemProxy section */

/* Begin PBXFileReference section */
		E746390F23D7ACE700AC0810 /* RiskGameOdds.app */ = {isa = PBXFileReference; explicitFileType = wrapper.application; includeInIndex = 0; path = RiskGameOdds.app; sourceTree = BUILT_PRODUCTS_DIR; };
		E746391223D7ACE700AC0810 /* AppDelegate.swift */ = {isa = PBXFileReference; lastKnownFileType = sourcecode.swift; path = AppDelegate.swift; sourceTree = "<group>"; };
		E746391423D7ACE700AC0810 /* SceneDelegate.swift */ = {isa = PBXFileReference; lastKnownFileType = sourcecode.swift; path = SceneDelegate.swift; sourceTree = "<group>"; };
		E746391623D7ACE700AC0810 /* ViewController.swift */ = {isa = PBXFileReference; lastKnownFileType = sourcecode.swift; path = ViewController.swift; sourceTree = "<group>"; };
		E746391923D7ACE700AC0810 /* Base */ = {isa = PBXFileReference; lastKnownFileType = file.storyboard; name = Base; path = Base.lproj/Main.storyboard; sourceTree = "<group>"; };
		E746391B23D7ACE800AC0810 /* Assets.xcassets */ = {isa = PBXFileReference; lastKnownFileType = folder.assetcatalog; path = Assets.xcassets; sourceTree = "<group>"; };
		E746391E23D7ACE800AC0810 /* Base */ = {isa = PBXFileReference; lastKnownFileType = file.storyboard; name = Base; path = Base.lproj/LaunchScreen.storyboard; sourceTree = "<group>"; };
		E746392023D7ACE800AC0810 /* Info.plist */ = {isa = PBXFileReference; lastKnownFileType = text.plist.xml; path = Info.plist; sourceTree = "<group>"; };
		E746392523D7ACE800AC0810 /* RiskGameOddsTests.xctest */ = {isa = PBXFileReference; explicitFileType = wrapper.cfbundle; includeInIndex = 0; path = RiskGameOddsTests.xctest; sourceTree = BUILT_PRODUCTS_DIR; };
		E746392923D7ACE800AC0810 /* RiskGameOddsTests.swift */ = {isa = PBXFileReference; lastKnownFileType = sourcecode.swift; path = RiskGameOddsTests.swift; sourceTree = "<group>"; };
		E746392B23D7ACE800AC0810 /* Info.plist */ = {isa = PBXFileReference; lastKnownFileType = text.plist.xml; path = Info.plist; sourceTree = "<group>"; };
		E746393023D7ACE800AC0810 /* RiskGameOddsUITests.xctest */ = {isa = PBXFileReference; explicitFileType = wrapper.cfbundle; includeInIndex = 0; path = RiskGameOddsUITests.xctest; sourceTree = BUILT_PRODUCTS_DIR; };
		E746393423D7ACE800AC0810 /* RiskGameOddsUITests.swift */ = {isa = PBXFileReference; lastKnownFileType = sourcecode.swift; path = RiskGameOddsUITests.swift; sourceTree = "<group>"; };
		E746393623D7ACE800AC0810 /* Info.plist */ = {isa = PBXFileReference; lastKnownFileType = text.plist.xml; path = Info.plist; sourceTree = "<group>"; };
		E746394223D7AE6F00AC0810 /* Node.swift */ = {isa = PBXFileReference; fileEncoding = 4; lastKnownFileType = sourcecode.swift; path = Node.swift; sourceTree = "<group>"; };
/* End PBXFileReference section */

/* Begin PBXFrameworksBuildPhase section */
		E746390C23D7ACE700AC0810 /* Frameworks */ = {
			isa = PBXFrameworksBuildPhase;
			buildActionMask = 2147483647;
			files = (
			);
			runOnlyForDeploymentPostprocessing = 0;
		};
		E746392223D7ACE800AC0810 /* Frameworks */ = {
			isa = PBXFrameworksBuildPhase;
			buildActionMask = 2147483647;
			files = (
			);
			runOnlyForDeploymentPostprocessing = 0;
		};
		E746392D23D7ACE800AC0810 /* Frameworks */ = {
			isa = PBXFrameworksBuildPhase;
			buildActionMask = 2147483647;
			files = (
			);
			runOnlyForDeploymentPostprocessing = 0;
		};
/* End PBXFrameworksBuildPhase section */

/* Begin PBXGroup section */
		E746390623D7ACE700AC0810 = {
			isa = PBXGroup;
			children = (
				E746391123D7ACE700AC0810 /* RiskGameOdds */,
				E746392823D7ACE800AC0810 /* RiskGameOddsTests */,
				E746393323D7ACE800AC0810 /* RiskGameOddsUITests */,
				E746391023D7ACE700AC0810 /* Products */,
			);
			sourceTree = "<group>";
		};
		E746391023D7ACE700AC0810 /* Products */ = {
			isa = PBXGroup;
			children = (
				E746390F23D7ACE700AC0810 /* RiskGameOdds.app */,
				E746392523D7ACE800AC0810 /* RiskGameOddsTests.xctest */,
				E746393023D7ACE800AC0810 /* RiskGameOddsUITests.xctest */,
			);
			name = Products;
			sourceTree = "<group>";
		};
		E746391123D7ACE700AC0810 /* RiskGameOdds */ = {
			isa = PBXGroup;
			children = (
				E746391223D7ACE700AC0810 /* AppDelegate.swift */,
				E746391423D7ACE700AC0810 /* SceneDelegate.swift */,
				E746391623D7ACE700AC0810 /* ViewController.swift */,
				E746391823D7ACE700AC0810 /* Main.storyboard */,
				E746391B23D7ACE800AC0810 /* Assets.xcassets */,
				E746391D23D7ACE800AC0810 /* LaunchScreen.storyboard */,
				E746392023D7ACE800AC0810 /* Info.plist */,
				E746394223D7AE6F00AC0810 /* Node.swift */,
			);
			path = RiskGameOdds;
			sourceTree = "<group>";
		};
		E746392823D7ACE800AC0810 /* RiskGameOddsTests */ = {
			isa = PBXGroup;
			children = (
				E746392923D7ACE800AC0810 /* RiskGameOddsTests.swift */,
				E746392B23D7ACE800AC0810 /* Info.plist */,
			);
			path = RiskGameOddsTests;
			sourceTree = "<group>";
		};
		E746393323D7ACE800AC0810 /* RiskGameOddsUITests */ = {
			isa = PBXGroup;
			children = (
				E746393423D7ACE800AC0810 /* RiskGameOddsUITests.swift */,
				E746393623D7ACE800AC0810 /* Info.plist */,
			);
			path = RiskGameOddsUITests;
			sourceTree = "<group>";
		};
/* End PBXGroup section */

/* Begin PBXNativeTarget section */
		E746390E23D7ACE700AC0810 /* RiskGameOdds */ = {
			isa = PBXNativeTarget;
			buildConfigurationList = E746393923D7ACE800AC0810 /* Build configuration list for PBXNativeTarget "RiskGameOdds" */;
			buildPhases = (
				E746390B23D7ACE700AC0810 /* Sources */,
				E746390C23D7ACE700AC0810 /* Frameworks */,
				E746390D23D7ACE700AC0810 /* Resources */,
			);
			buildRules = (
			);
			dependencies = (
			);
			name = RiskGameOdds;
			productName = RiskGameOdds;
			productReference = E746390F23D7ACE700AC0810 /* RiskGameOdds.app */;
			productType = "com.apple.product-type.application";
		};
		E746392423D7ACE800AC0810 /* RiskGameOddsTests */ = {
			isa = PBXNativeTarget;
			buildConfigurationList = E746393C23D7ACE800AC0810 /* Build configuration list for PBXNativeTarget "RiskGameOddsTests" */;
			buildPhases = (
				E746392123D7ACE800AC0810 /* Sources */,
				E746392223D7ACE800AC0810 /* Frameworks */,
				E746392323D7ACE800AC0810 /* Resources */,
			);
			buildRules = (
			);
			dependencies = (
				E746392723D7ACE800AC0810 /* PBXTargetDependency */,
			);
			name = RiskGameOddsTests;
			productName = RiskGameOddsTests;
			productReference = E746392523D7ACE800AC0810 /* RiskGameOddsTests.xctest */;
			productType = "com.apple.product-type.bundle.unit-test";
		};
		E746392F23D7ACE800AC0810 /* RiskGameOddsUITests */ = {
			isa = PBXNativeTarget;
			buildConfigurationList = E746393F23D7ACE800AC0810 /* Build configuration list for PBXNativeTarget "RiskGameOddsUITests" */;
			buildPhases = (
				E746392C23D7ACE800AC0810 /* Sources */,
				E746392D23D7ACE800AC0810 /* Frameworks */,
				E746392E23D7ACE800AC0810 /* Resources */,
			);
			buildRules = (
			);
			dependencies = (
				E746393223D7ACE800AC0810 /* PBXTargetDependency */,
			);
			name = RiskGameOddsUITests;
			productName = RiskGameOddsUITests;
			productReference = E746393023D7ACE800AC0810 /* RiskGameOddsUITests.xctest */;
			productType = "com.apple.product-type.bundle.ui-testing";
		};
/* End PBXNativeTarget section */

/* Begin PBXProject section */
		E746390723D7ACE700AC0810 /* Project object */ = {
			isa = PBXProject;
			attributes = {
				LastSwiftUpdateCheck = 1130;
				LastUpgradeCheck = 1130;
				ORGANIZATIONNAME = "Tovah Falck";
				TargetAttributes = {
					E746390E23D7ACE700AC0810 = {
						CreatedOnToolsVersion = 11.3.1;
					};
					E746392423D7ACE800AC0810 = {
						CreatedOnToolsVersion = 11.3.1;
						TestTargetID = E746390E23D7ACE700AC0810;
					};
					E746392F23D7ACE800AC0810 = {
						CreatedOnToolsVersion = 11.3.1;
						TestTargetID = E746390E23D7ACE700AC0810;
					};
				};
			};
			buildConfigurationList = E746390A23D7ACE700AC0810 /* Build configuration list for PBXProject "RiskGameOdds" */;
			compatibilityVersion = "Xcode 9.3";
			developmentRegion = en;
			hasScannedForEncodings = 0;
			knownRegions = (
				en,
				Base,
			);
			mainGroup = E746390623D7ACE700AC0810;
			productRefGroup = E746391023D7ACE700AC0810 /* Products */;
			projectDirPath = "";
			projectRoot = "";
			targets = (
				E746390E23D7ACE700AC0810 /* RiskGameOdds */,
				E746392423D7ACE800AC0810 /* RiskGameOddsTests */,
				E746392F23D7ACE800AC0810 /* RiskGameOddsUITests */,
			);
		};
/* End PBXProject section */

/* Begin PBXResourcesBuildPhase section */
		E746390D23D7ACE700AC0810 /* Resources */ = {
			isa = PBXResourcesBuildPhase;
			buildActionMask = 2147483647;
			files = (
				E746391F23D7ACE800AC0810 /* LaunchScreen.storyboard in Resources */,
				E746391C23D7ACE800AC0810 /* Assets.xcassets in Resources */,
				E746391A23D7ACE700AC0810 /* Main.storyboard in Resources */,
			);
			runOnlyForDeploymentPostprocessing = 0;
		};
		E746392323D7ACE800AC0810 /* Resources */ = {
			isa = PBXResourcesBuildPhase;
			buildActionMask = 2147483647;
			files = (
			);
			runOnlyForDeploymentPostprocessing = 0;
		};
		E746392E23D7ACE800AC0810 /* Resources */ = {
			isa = PBXResourcesBuildPhase;
			buildActionMask = 2147483647;
			files = (
			);
			runOnlyForDeploymentPostprocessing = 0;
		};
/* End PBXResourcesBuildPhase section */

/* Begin PBXSourcesBuildPhase section */
		E746390B23D7ACE700AC0810 /* Sources */ = {
			isa = PBXSourcesBuildPhase;
			buildActionMask = 2147483647;
			files = (
				E746391723D7ACE700AC0810 /* ViewController.swift in Sources */,
				E746391323D7ACE700AC0810 /* AppDelegate.swift in Sources */,
				E746391523D7ACE700AC0810 /* SceneDelegate.swift in Sources */,
				E746394323D7AE6F00AC0810 /* Node.swift in Sources */,
			);
			runOnlyForDeploymentPostprocessing = 0;
		};
		E746392123D7ACE800AC0810 /* Sources */ = {
			isa = PBXSourcesBuildPhase;
			buildActionMask = 2147483647;
			files = (
				E746392A23D7ACE800AC0810 /* RiskGameOddsTests.swift in Sources */,
			);
			runOnlyForDeploymentPostprocessing = 0;
		};
		E746392C23D7ACE800AC0810 /* Sources */ = {
			isa = PBXSourcesBuildPhase;
			buildActionMask = 2147483647;
			files = (
				E746393523D7ACE800AC0810 /* RiskGameOddsUITests.swift in Sources */,
			);
			runOnlyForDeploymentPostprocessing = 0;
		};
/* End PBXSourcesBuildPhase section */

/* Begin PBXTargetDependency section */
		E746392723D7ACE800AC0810 /* PBXTargetDependency */ = {
			isa = PBXTargetDependency;
			target = E746390E23D7ACE700AC0810 /* RiskGameOdds */;
			targetProxy = E746392623D7ACE800AC0810 /* PBXContainerItemProxy */;
		};
		E746393223D7ACE800AC0810 /* PBXTargetDependency */ = {
			isa = PBXTargetDependency;
			target = E746390E23D7ACE700AC0810 /* RiskGameOdds */;
			targetProxy = E746393123D7ACE800AC0810 /* PBXContainerItemProxy */;
		};
/* End PBXTargetDependency section */

/* Begin PBXVariantGroup section */
		E746391823D7ACE700AC0810 /* Main.storyboard */ = {
			isa = PBXVariantGroup;
			children = (
				E746391923D7ACE700AC0810 /* Base */,
			);
			name = Main.storyboard;
			sourceTree = "<group>";
		};
		E746391D23D7ACE800AC0810 /* LaunchScreen.storyboard */ = {
			isa = PBXVariantGroup;
			children = (
				E746391E23D7ACE800AC0810 /* Base */,
			);
			name = LaunchScreen.storyboard;
			sourceTree = "<group>";
		};
/* End PBXVariantGroup section */

/* Begin XCBuildConfiguration section */
		E746393723D7ACE800AC0810 /* Debug */ = {
			isa = XCBuildConfiguration;
			buildSettings = {
				ALWAYS_SEARCH_USER_PATHS = NO;
				CLANG_ANALYZER_NONNULL = YES;
				CLANG_ANALYZER_NUMBER_OBJECT_CONVERSION = YES_AGGRESSIVE;
				CLANG_CXX_LANGUAGE_STANDARD = "gnu++14";
				CLANG_CXX_LIBRARY = "libc++";
				CLANG_ENABLE_MODULES = YES;
				CLANG_ENABLE_OBJC_ARC = YES;
				CLANG_ENABLE_OBJC_WEAK = YES;
				CLANG_WARN_BLOCK_CAPTURE_AUTORELEASING = YES;
				CLANG_WARN_BOOL_CONVERSION = YES;
				CLANG_WARN_COMMA = YES;
				CLANG_WARN_CONSTANT_CONVERSION = YES;
				CLANG_WARN_DEPRECATED_OBJC_IMPLEMENTATIONS = YES;
				CLANG_WARN_DIRECT_OBJC_ISA_USAGE = YES_ERROR;
				CLANG_WARN_DOCUMENTATION_COMMENTS = YES;
				CLANG_WARN_EMPTY_BODY = YES;
				CLANG_WARN_ENUM_CONVERSION = YES;
				CLANG_WARN_INFINITE_RECURSION = YES;
				CLANG_WARN_INT_CONVERSION = YES;
				CLANG_WARN_NON_LITERAL_NULL_CONVERSION = YES;
				CLANG_WARN_OBJC_IMPLICIT_RETAIN_SELF = YES;
				CLANG_WARN_OBJC_LITERAL_CONVERSION = YES;
				CLANG_WARN_OBJC_ROOT_CLASS = YES_ERROR;
				CLANG_WARN_RANGE_LOOP_ANALYSIS = YES;
				CLANG_WARN_STRICT_PROTOTYPES = YES;
				CLANG_WARN_SUSPICIOUS_MOVE = YES;
				CLANG_WARN_UNGUARDED_AVAILABILITY = YES_AGGRESSIVE;
				CLANG_WARN_UNREACHABLE_CODE = YES;
				CLANG_WARN__DUPLICATE_METHOD_MATCH = YES;
				COPY_PHASE_STRIP = NO;
				DEBUG_INFORMATION_FORMAT = dwarf;
				ENABLE_STRICT_OBJC_MSGSEND = YES;
				ENABLE_TESTABILITY = YES;
				GCC_C_LANGUAGE_STANDARD = gnu11;
				GCC_DYNAMIC_NO_PIC = NO;
				GCC_NO_COMMON_BLOCKS = YES;
				GCC_OPTIMIZATION_LEVEL = 0;
				GCC_PREPROCESSOR_DEFINITIONS = (
					"DEBUG=1",
					"$(inherited)",
				);
				GCC_WARN_64_TO_32_BIT_CONVERSION = YES;
				GCC_WARN_ABOUT_RETURN_TYPE = YES_ERROR;
				GCC_WARN_UNDECLARED_SELECTOR = YES;
				GCC_WARN_UNINITIALIZED_AUTOS = YES_AGGRESSIVE;
				GCC_WARN_UNUSED_FUNCTION = YES;
				GCC_WARN_UNUSED_VARIABLE = YES;
				IPHONEOS_DEPLOYMENT_TARGET = 13.2;
				MTL_ENABLE_DEBUG_INFO = INCLUDE_SOURCE;
				MTL_FAST_MATH = YES;
				ONLY_ACTIVE_ARCH = YES;
				SDKROOT = iphoneos;
				SWIFT_ACTIVE_COMPILATION_CONDITIONS = DEBUG;
				SWIFT_OPTIMIZATION_LEVEL = "-Onone";
			};
			name = Debug;
		};
		E746393823D7ACE800AC0810 /* Release */ = {
			isa = XCBuildConfiguration;
			buildSettings = {
				ALWAYS_SEARCH_USER_PATHS = NO;
				CLANG_ANALYZER_NONNULL = YES;
				CLANG_ANALYZER_NUMBER_OBJECT_CONVERSION = YES_AGGRESSIVE;
				CLANG_CXX_LANGUAGE_STANDARD = "gnu++14";
				CLANG_CXX_LIBRARY = "libc++";
				CLANG_ENABLE_MODULES = YES;
				CLANG_ENABLE_OBJC_ARC = YES;
				CLANG_ENABLE_OBJC_WEAK = YES;
				CLANG_WARN_BLOCK_CAPTURE_AUTORELEASING = YES;
				CLANG_WARN_BOOL_CONVERSION = YES;
				CLANG_WARN_COMMA = YES;
				CLANG_WARN_CONSTANT_CONVERSION = YES;
				CLANG_WARN_DEPRECATED_OBJC_IMPLEMENTATIONS = YES;
				CLANG_WARN_DIRECT_OBJC_ISA_USAGE = YES_ERROR;
				CLANG_WARN_DOCUMENTATION_COMMENTS = YES;
				CLANG_WARN_EMPTY_BODY = YES;
				CLANG_WARN_ENUM_CONVERSION = YES;
				CLANG_WARN_INFINITE_RECURSION = YES;
				CLANG_WARN_INT_CONVERSION = YES;
				CLANG_WARN_NON_LITERAL_NULL_CONVERSION = YES;
				CLANG_WARN_OBJC_IMPLICIT_RETAIN_SELF = YES;
				CLANG_WARN_OBJC_LITERAL_CONVERSION = YES;
				CLANG_WARN_OBJC_ROOT_CLASS = YES_ERROR;
				CLANG_WARN_RANGE_LOOP_ANALYSIS = YES;
				CLANG_WARN_STRICT_PROTOTYPES = YES;
				CLANG_WARN_SUSPICIOUS_MOVE = YES;
				CLANG_WARN_UNGUARDED_AVAILABILITY = YES_AGGRESSIVE;
				CLANG_WARN_UNREACHABLE_CODE = YES;
				CLANG_WARN__DUPLICATE_METHOD_MATCH = YES;
				COPY_PHASE_STRIP = NO;
				DEBUG_INFORMATION_FORMAT = "dwarf-with-dsym";
				ENABLE_NS_ASSERTIONS = NO;
				ENABLE_STRICT_OBJC_MSGSEND = YES;
				GCC_C_LANGUAGE_STANDARD = gnu11;
				GCC_NO_COMMON_BLOCKS = YES;
				GCC_WARN_64_TO_32_BIT_CONVERSION = YES;
				GCC_WARN_ABOUT_RETURN_TYPE = YES_ERROR;
				GCC_WARN_UNDECLARED_SELECTOR = YES;
				GCC_WARN_UNINITIALIZED_AUTOS = YES_AGGRESSIVE;
				GCC_WARN_UNUSED_FUNCTION = YES;
				GCC_WARN_UNUSED_VARIABLE = YES;
				IPHONEOS_DEPLOYMENT_TARGET = 13.2;
				MTL_ENABLE_DEBUG_INFO = NO;
				MTL_FAST_MATH = YES;
				SDKROOT = iphoneos;
				SWIFT_COMPILATION_MODE = wholemodule;
				SWIFT_OPTIMIZATION_LEVEL = "-O";
				VALIDATE_PRODUCT = YES;
			};
			name = Release;
		};
		E746393A23D7ACE800AC0810 /* Debug */ = {
			isa = XCBuildConfiguration;
			buildSettings = {
				ASSETCATALOG_COMPILER_APPICON_NAME = AppIcon;
				CODE_SIGN_STYLE = Automatic;
				DEVELOPMENT_TEAM = KTF243NYMJ;
				INFOPLIST_FILE = RiskGameOdds/Info.plist;
				IPHONEOS_DEPLOYMENT_TARGET = 13.0;
				LD_RUNPATH_SEARCH_PATHS = (
					"$(inherited)",
					"@executable_path/Frameworks",
				);
				PRODUCT_BUNDLE_IDENTIFIER = com.offbeetideas.RiskGameOdds;
				PRODUCT_NAME = "$(TARGET_NAME)";
				SWIFT_VERSION = 5.0;
				TARGETED_DEVICE_FAMILY = "1,2";
			};
			name = Debug;
		};
		E746393B23D7ACE800AC0810 /* Release */ = {
			isa = XCBuildConfiguration;
			buildSettings = {
				ASSETCATALOG_COMPILER_APPICON_NAME = AppIcon;
				CODE_SIGN_STYLE = Automatic;
				DEVELOPMENT_TEAM = KTF243NYMJ;
				INFOPLIST_FILE = RiskGameOdds/Info.plist;
				IPHONEOS_DEPLOYMENT_TARGET = 13.0;
				LD_RUNPATH_SEARCH_PATHS = (
					"$(inherited)",
					"@executable_path/Frameworks",
				);
				PRODUCT_BUNDLE_IDENTIFIER = com.offbeetideas.RiskGameOdds;
				PRODUCT_NAME = "$(TARGET_NAME)";
				SWIFT_VERSION = 5.0;
				TARGETED_DEVICE_FAMILY = "1,2";
			};
			name = Release;
		};
		E746393D23D7ACE800AC0810 /* Debug */ = {
			isa = XCBuildConfiguration;
			buildSettings = {
				ALWAYS_EMBED_SWIFT_STANDARD_LIBRARIES = YES;
				BUNDLE_LOADER = "$(TEST_HOST)";
				CODE_SIGN_STYLE = Automatic;
				INFOPLIST_FILE = RiskGameOddsTests/Info.plist;
				IPHONEOS_DEPLOYMENT_TARGET = 13.2;
				LD_RUNPATH_SEARCH_PATHS = (
					"$(inherited)",
					"@executable_path/Frameworks",
					"@loader_path/Frameworks",
				);
				PRODUCT_BUNDLE_IDENTIFIER = com.offbeetideas.RiskGameOddsTests;
				PRODUCT_NAME = "$(TARGET_NAME)";
				SWIFT_VERSION = 5.0;
				TARGETED_DEVICE_FAMILY = "1,2";
				TEST_HOST = "$(BUILT_PRODUCTS_DIR)/RiskGameOdds.app/RiskGameOdds";
			};
			name = Debug;
		};
		E746393E23D7ACE800AC0810 /* Release */ = {
			isa = XCBuildConfiguration;
			buildSettings = {
				ALWAYS_EMBED_SWIFT_STANDARD_LIBRARIES = YES;
				BUNDLE_LOADER = "$(TEST_HOST)";
				CODE_SIGN_STYLE = Automatic;
				INFOPLIST_FILE = RiskGameOddsTests/Info.plist;
				IPHONEOS_DEPLOYMENT_TARGET = 13.2;
				LD_RUNPATH_SEARCH_PATHS = (
					"$(inherited)",
					"@executable_path/Frameworks",
					"@loader_path/Frameworks",
				);
				PRODUCT_BUNDLE_IDENTIFIER = com.offbeetideas.RiskGameOddsTests;
				PRODUCT_NAME = "$(TARGET_NAME)";
				SWIFT_VERSION = 5.0;
				TARGETED_DEVICE_FAMILY = "1,2";
				TEST_HOST = "$(BUILT_PRODUCTS_DIR)/RiskGameOdds.app/RiskGameOdds";
			};
			name = Release;
		};
		E746394023D7ACE800AC0810 /* Debug */ = {
			isa = XCBuildConfiguration;
			buildSettings = {
				ALWAYS_EMBED_SWIFT_STANDARD_LIBRARIES = YES;
				CODE_SIGN_STYLE = Automatic;
				INFOPLIST_FILE = RiskGameOddsUITests/Info.plist;
				LD_RUNPATH_SEARCH_PATHS = (
					"$(inherited)",
					"@executable_path/Frameworks",
					"@loader_path/Frameworks",
				);
				PRODUCT_BUNDLE_IDENTIFIER = com.offbeetideas.RiskGameOddsUITests;
				PRODUCT_NAME = "$(TARGET_NAME)";
				SWIFT_VERSION = 5.0;
				TARGETED_DEVICE_FAMILY = "1,2";
				TEST_TARGET_NAME = RiskGameOdds;
			};
			name = Debug;
		};
		E746394123D7ACE800AC0810 /* Release */ = {
			isa = XCBuildConfiguration;
			buildSettings = {
				ALWAYS_EMBED_SWIFT_STANDARD_LIBRARIES = YES;
				CODE_SIGN_STYLE = Automatic;
				INFOPLIST_FILE = RiskGameOddsUITests/Info.plist;
				LD_RUNPATH_SEARCH_PATHS = (
					"$(inherited)",
					"@executable_path/Frameworks",
					"@loader_path/Frameworks",
				);
				PRODUCT_BUNDLE_IDENTIFIER = com.offbeetideas.RiskGameOddsUITests;
				PRODUCT_NAME = "$(TARGET_NAME)";
				SWIFT_VERSION = 5.0;
				TARGETED_DEVICE_FAMILY = "1,2";
				TEST_TARGET_NAME = RiskGameOdds;
			};
			name = Release;
		};
/* End XCBuildConfiguration section */

/* Begin XCConfigurationList section */
		E746390A23D7ACE700AC0810 /* Build configuration list for PBXProject "RiskGameOdds" */ = {
			isa = XCConfigurationList;
			buildConfigurations = (
				E746393723D7ACE800AC0810 /* Debug */,
				E746393823D7ACE800AC0810 /* Release */,
			);
			defaultConfigurationIsVisible = 0;
			defaultConfigurationName = Release;
		};
		E746393923D7ACE800AC0810 /* Build configuration list for PBXNativeTarget "RiskGameOdds" */ = {
			isa = XCConfigurationList;
			buildConfigurations = (
				E746393A23D7ACE800AC0810 /* Debug */,
				E746393B23D7ACE800AC0810 /* Release */,
			);
			defaultConfigurationIsVisible = 0;
			defaultConfigurationName = Release;
		};
		E746393C23D7ACE800AC0810 /* Build configuration list for PBXNativeTarget "RiskGameOddsTests" */ = {
			isa = XCConfigurationList;
			buildConfigurations = (
				E746393D23D7ACE800AC0810 /* Debug */,
				E746393E23D7ACE800AC0810 /* Release */,
			);
			defaultConfigurationIsVisible = 0;
			defaultConfigurationName = Release;
		};
		E746393F23D7ACE800AC0810 /* Build configuration list for PBXNativeTarget "RiskGameOddsUITests" */ = {
			isa = XCConfigurationList;
			buildConfigurations = (
				E746394023D7ACE800AC0810 /* Debug */,
				E746394123D7ACE800AC0810 /* Release */,
			);
			defaultConfigurationIsVisible = 0;
			defaultConfigurationName = Release;
		};
/* End XCConfigurationList section */
	};
	rootObject = E746390723D7ACE700AC0810 /* Project object */;
}
